
Microsoft Visual Studio Solution File, Format Version 12.00
# Visual Studio Version 17
VisualStudioVersion = 17.5.002.0
MinimumVisualStudioVersion = 10.0.40219.1
Project("{2150E333-8FDC-42A3-9474-1A3956D46DE8}") = "csharp-prep", "csharp-prep", "{B77D032E-CBE1-4C50-850A-070B899903FC}"
EndProject
Project("{9A19103F-16F7-4668-BE54-9A1E7A4F7556}") = "Prep1", "csharp-prep\Prep1\Prep1.csproj", "{05D55060-3BE2-44E7-ADCF-36ABC48B8D71}"
EndProject
Project("{9A19103F-16F7-4668-BE54-9A1E7A4F7556}") = "Prep2", "csharp-prep\Prep2\Prep2.csproj", "{9F36CF8F-B372-49DE-B8B3-943ED8B9FFE4}"
EndProject
Project("{9A19103F-16F7-4668-BE54-9A1E7A4F7556}") = "Prep3", "csharp-prep\Prep3\Prep3.csproj", "{DC02E51E-E9D5-4B8E-8DC4-7FB617B52950}"
EndProject
Project("{9A19103F-16F7-4668-BE54-9A1E7A4F7556}") = "Prep4", "csharp-prep\Prep4\Prep4.csproj", "{AAFF97A0-80B5-4CE4-B2A1-CC79BEC22D57}"
EndProject
Project("{9A19103F-16F7-4668-BE54-9A1E7A4F7556}") = "Prep5", "csharp-prep\Prep5\Prep5.csproj", "{F5B49BCE-9295-435F-BD92-D9624AAD6857}"
EndProject
Project("{2150E333-8FDC-42A3-9474-1A3956D46DE8}") = "final", "final", "{5EE368D4-D558-40D7-9706-B1C3F986238A}"
EndProject
Project("{9A19103F-16F7-4668-BE54-9A1E7A4F7556}") = "FinalProject", "final\FinalProject\FinalProject.csproj", "{60CB9CD7-9362-4550-AA59-2FBD95D3CD5B}"
EndProject
Project("{9A19103F-16F7-4668-BE54-9A1E7A4F7556}") = "Foundation1", "final\Foundation1\Foundation1.csproj", "{0DF586B1-3040-464B-B5A4-AA887D48D322}"
EndProject
Project("{9A19103F-16F7-4668-BE54-9A1E7A4F7556}") = "Foundation2", "final\Foundation2\Foundation2.csproj", "{04249E13-2B34-41DF-973B-90C6B48F0AC5}"
EndProject
Project("{9A19103F-16F7-4668-BE54-9A1E7A4F7556}") = "Foundation3", "final\Foundation3\Foundation3.csproj", "{6F87EA67-0A30-470B-81E4-6C1F7F53D4FC}"
EndProject
Project("{9A19103F-16F7-4668-BE54-9A1E7A4F7556}") = "Foundation4", "final\Foundation4\Foundation4.csproj", "{BD44EAEA-4AFF-45DC-8759-64F48FF7437B}"
EndProject
Project("{2150E333-8FDC-42A3-9474-1A3956D46DE8}") = "prepare", "prepare", "{326C36AB-D2A4-4360-AE2F-6BEAD6EC9F7D}"
EndProject
Project("{9A19103F-16F7-4668-BE54-9A1E7A4F7556}") = "Learning02", "prepare\Learning02\Learning02.csproj", "{DA8FE8DE-A54A-4509-BC6E-AE1406CD1251}"
EndProject
Project("{9A19103F-16F7-4668-BE54-9A1E7A4F7556}") = "Learning03", "prepare\Learning03\Learning03.csproj", "{E6891DCB-D29C-4711-9E10-3843510771A3}"
EndProject
Project("{9A19103F-16F7-4668-BE54-9A1E7A4F7556}") = "Learning04", "prepare\Learning04\Learning04.csproj", "{B78C7295-BA49-4EBE-8831-A380F1E53537}"
EndProject
Project("{9A19103F-16F7-4668-BE54-9A1E7A4F7556}") = "Learning05", "prepare\Learning05\Learning05.csproj", "{C73DE36B-6239-4463-AD61-91C94AB8A835}"
EndProject
Project("{2150E333-8FDC-42A3-9474-1A3956D46DE8}") = "prove", "prove", "{67EF8FE6-86E2-4A78-B844-1048936FBC12}"
EndProject
Project("{9A19103F-16F7-4668-BE54-9A1E7A4F7556}") = "Develop02", "prove\Develop02\Develop02.csproj", "{1F5A6B59-0781-4089-AEFA-0B877BA07B91}"
EndProject
Project("{9A19103F-16F7-4668-BE54-9A1E7A4F7556}") = "Develop03", "prove\Develop03\Develop03.csproj", "{11573E17-CFFC-4FAB-AA96-2C20D97E53B7}"
EndProject
Project("{9A19103F-16F7-4668-BE54-9A1E7A4F7556}") = "Develop04", "prove\Develop04\Develop04.csproj", "{CD58DDB1-881E-4184-8955-8906E2FC586D}"
EndProject
Project("{9A19103F-16F7-4668-BE54-9A1E7A4F7556}") = "Develop05", "prove\Develop05\Develop05.csproj", "{1BEDDC84-DDAD-490D-8733-CAEB1660D6B8}"
EndProject
Project("{2150E333-8FDC-42A3-9474-1A3956D46DE8}") = "sandbox", "sandbox", "{BE1C1F4D-978A-4865-90FA-70F4C00BD548}"
EndProject
Project("{9A19103F-16F7-4668-BE54-9A1E7A4F7556}") = "Sandbox", "sandbox\Sandbox\Sandbox.csproj", "{D16EE676-DCEE-4C88-AC20-EF7DCAF59B3F}"
EndProject
Global
	GlobalSection(SolutionConfigurationPlatforms) = preSolution
		Debug|Any CPU = Debug|Any CPU
		Release|Any CPU = Release|Any CPU
	EndGlobalSection
	GlobalSection(ProjectConfigurationPlatforms) = postSolution
		{05D55060-3BE2-44E7-ADCF-36ABC48B8D71}.Debug|Any CPU.ActiveCfg = Debug|Any CPU
		{05D55060-3BE2-44E7-ADCF-36ABC48B8D71}.Debug|Any CPU.Build.0 = Debug|Any CPU
		{05D55060-3BE2-44E7-ADCF-36ABC48B8D71}.Release|Any CPU.ActiveCfg = Release|Any CPU
		{05D55060-3BE2-44E7-ADCF-36ABC48B8D71}.Release|Any CPU.Build.0 = Release|Any CPU
		{9F36CF8F-B372-49DE-B8B3-943ED8B9FFE4}.Debug|Any CPU.ActiveCfg = Debug|Any CPU
		{9F36CF8F-B372-49DE-B8B3-943ED8B9FFE4}.Debug|Any CPU.Build.0 = Debug|Any CPU
		{9F36CF8F-B372-49DE-B8B3-943ED8B9FFE4}.Release|Any CPU.ActiveCfg = Release|Any CPU
		{9F36CF8F-B372-49DE-B8B3-943ED8B9FFE4}.Release|Any CPU.Build.0 = Release|Any CPU
		{DC02E51E-E9D5-4B8E-8DC4-7FB617B52950}.Debug|Any CPU.ActiveCfg = Debug|Any CPU
		{DC02E51E-E9D5-4B8E-8DC4-7FB617B52950}.Debug|Any CPU.Build.0 = Debug|Any CPU
		{DC02E51E-E9D5-4B8E-8DC4-7FB617B52950}.Release|Any CPU.ActiveCfg = Release|Any CPU
		{DC02E51E-E9D5-4B8E-8DC4-7FB617B52950}.Release|Any CPU.Build.0 = Release|Any CPU
		{AAFF97A0-80B5-4CE4-B2A1-CC79BEC22D57}.Debug|Any CPU.ActiveCfg = Debug|Any CPU
		{AAFF97A0-80B5-4CE4-B2A1-CC79BEC22D57}.Debug|Any CPU.Build.0 = Debug|Any CPU
		{AAFF97A0-80B5-4CE4-B2A1-CC79BEC22D57}.Release|Any CPU.ActiveCfg = Release|Any CPU
		{AAFF97A0-80B5-4CE4-B2A1-CC79BEC22D57}.Release|Any CPU.Build.0 = Release|Any CPU
		{F5B49BCE-9295-435F-BD92-D9624AAD6857}.Debug|Any CPU.ActiveCfg = Debug|Any CPU
		{F5B49BCE-9295-435F-BD92-D9624AAD6857}.Debug|Any CPU.Build.0 = Debug|Any CPU
		{F5B49BCE-9295-435F-BD92-D9624AAD6857}.Release|Any CPU.ActiveCfg = Release|Any CPU
		{F5B49BCE-9295-435F-BD92-D9624AAD6857}.Release|Any CPU.Build.0 = Release|Any CPU
		{60CB9CD7-9362-4550-AA59-2FBD95D3CD5B}.Debug|Any CPU.ActiveCfg = Debug|Any CPU
		{60CB9CD7-9362-4550-AA59-2FBD95D3CD5B}.Debug|Any CPU.Build.0 = Debug|Any CPU
		{60CB9CD7-9362-4550-AA59-2FBD95D3CD5B}.Release|Any CPU.ActiveCfg = Release|Any CPU
		{60CB9CD7-9362-4550-AA59-2FBD95D3CD5B}.Release|Any CPU.Build.0 = Release|Any CPU
		{0DF586B1-3040-464B-B5A4-AA887D48D322}.Debug|Any CPU.ActiveCfg = Debug|Any CPU
		{0DF586B1-3040-464B-B5A4-AA887D48D322}.Debug|Any CPU.Build.0 = Debug|Any CPU
		{0DF586B1-3040-464B-B5A4-AA887D48D322}.Release|Any CPU.ActiveCfg = Release|Any CPU
		{0DF586B1-3040-464B-B5A4-AA887D48D322}.Release|Any CPU.Build.0 = Release|Any CPU
		{04249E13-2B34-41DF-973B-90C6B48F0AC5}.Debug|Any CPU.ActiveCfg = Debug|Any CPU
		{04249E13-2B34-41DF-973B-90C6B48F0AC5}.Debug|Any CPU.Build.0 = Debug|Any CPU
		{04249E13-2B34-41DF-973B-90C6B48F0AC5}.Release|Any CPU.ActiveCfg = Release|Any CPU
		{04249E13-2B34-41DF-973B-90C6B48F0AC5}.Release|Any CPU.Build.0 = Release|Any CPU
		{6F87EA67-0A30-470B-81E4-6C1F7F53D4FC}.Debug|Any CPU.ActiveCfg = Debug|Any CPU
		{6F87EA67-0A30-470B-81E4-6C1F7F53D4FC}.Debug|Any CPU.Build.0 = Debug|Any CPU
		{6F87EA67-0A30-470B-81E4-6C1F7F53D4FC}.Release|Any CPU.ActiveCfg = Release|Any CPU
		{6F87EA67-0A30-470B-81E4-6C1F7F53D4FC}.Release|Any CPU.Build.0 = Release|Any CPU
		{BD44EAEA-4AFF-45DC-8759-64F48FF7437B}.Debug|Any CPU.ActiveCfg = Debug|Any CPU
		{BD44EAEA-4AFF-45DC-8759-64F48FF7437B}.Debug|Any CPU.Build.0 = Debug|Any CPU
		{BD44EAEA-4AFF-45DC-8759-64F48FF7437B}.Release|Any CPU.ActiveCfg = Release|Any CPU
		{BD44EAEA-4AFF-45DC-8759-64F48FF7437B}.Release|Any CPU.Build.0 = Release|Any CPU
		{DA8FE8DE-A54A-4509-BC6E-AE1406CD1251}.Debug|Any CPU.ActiveCfg = Debug|Any CPU
		{DA8FE8DE-A54A-4509-BC6E-AE1406CD1251}.Debug|Any CPU.Build.0 = Debug|Any CPU
		{DA8FE8DE-A54A-4509-BC6E-AE1406CD1251}.Release|Any CPU.ActiveCfg = Release|Any CPU
		{DA8FE8DE-A54A-4509-BC6E-AE1406CD1251}.Release|Any CPU.Build.0 = Release|Any CPU
		{E6891DCB-D29C-4711-9E10-3843510771A3}.Debug|Any CPU.ActiveCfg = Debug|Any CPU
		{E6891DCB-D29C-4711-9E10-3843510771A3}.Debug|Any CPU.Build.0 = Debug|Any CPU
		{E6891DCB-D29C-4711-9E10-3843510771A3}.Release|Any CPU.ActiveCfg = Release|Any CPU
		{E6891DCB-D29C-4711-9E10-3843510771A3}.Release|Any CPU.Build.0 = Release|Any CPU
		{B78C7295-BA49-4EBE-8831-A380F1E53537}.Debug|Any CPU.ActiveCfg = Debug|Any CPU
		{B78C7295-BA49-4EBE-8831-A380F1E53537}.Debug|Any CPU.Build.0 = Debug|Any CPU
		{B78C7295-BA49-4EBE-8831-A380F1E53537}.Release|Any CPU.ActiveCfg = Release|Any CPU
		{B78C7295-BA49-4EBE-8831-A380F1E53537}.Release|Any CPU.Build.0 = Release|Any CPU
		{C73DE36B-6239-4463-AD61-91C94AB8A835}.Debug|Any CPU.ActiveCfg = Debug|Any CPU
		{C73DE36B-6239-4463-AD61-91C94AB8A835}.Debug|Any CPU.Build.0 = Debug|Any CPU
		{C73DE36B-6239-4463-AD61-91C94AB8A835}.Release|Any CPU.ActiveCfg = Release|Any CPU
		{C73DE36B-6239-4463-AD61-91C94AB8A835}.Release|Any CPU.Build.0 = Release|Any CPU
		{1F5A6B59-0781-4089-AEFA-0B877BA07B91}.Debug|Any CPU.ActiveCfg = Debug|Any CPU
		{1F5A6B59-0781-4089-AEFA-0B877BA07B91}.Debug|Any CPU.Build.0 = Debug|Any CPU
		{1F5A6B59-0781-4089-AEFA-0B877BA07B91}.Release|Any CPU.ActiveCfg = Release|Any CPU
		{1F5A6B59-0781-4089-AEFA-0B877BA07B91}.Release|Any CPU.Build.0 = Release|Any CPU
		{11573E17-CFFC-4FAB-AA96-2C20D97E53B7}.Debug|Any CPU.ActiveCfg = Debug|Any CPU
		{11573E17-CFFC-4FAB-AA96-2C20D97E53B7}.Debug|Any CPU.Build.0 = Debug|Any CPU
		{11573E17-CFFC-4FAB-AA96-2C20D97E53B7}.Release|Any CPU.ActiveCfg = Release|Any CPU
		{11573E17-CFFC-4FAB-AA96-2C20D97E53B7}.Release|Any CPU.Build.0 = Release|Any CPU
		{CD58DDB1-881E-4184-8955-8906E2FC586D}.Debug|Any CPU.ActiveCfg = Debug|Any CPU
		{CD58DDB1-881E-4184-8955-8906E2FC586D}.Debug|Any CPU.Build.0 = Debug|Any CPU
		{CD58DDB1-881E-4184-8955-8906E2FC586D}.Release|Any CPU.ActiveCfg = Release|Any CPU
		{CD58DDB1-881E-4184-8955-8906E2FC586D}.Release|Any CPU.Build.0 = Release|Any CPU
		{1BEDDC84-DDAD-490D-8733-CAEB1660D6B8}.Debug|Any CPU.ActiveCfg = Debug|Any CPU
		{1BEDDC84-DDAD-490D-8733-CAEB1660D6B8}.Debug|Any CPU.Build.0 = Debug|Any CPU
		{1BEDDC84-DDAD-490D-8733-CAEB1660D6B8}.Release|Any CPU.ActiveCfg = Release|Any CPU
		{1BEDDC84-DDAD-490D-8733-CAEB1660D6B8}.Release|Any CPU.Build.0 = Release|Any CPU
		{D16EE676-DCEE-4C88-AC20-EF7DCAF59B3F}.Debug|Any CPU.ActiveCfg = Debug|Any CPU
		{D16EE676-DCEE-4C88-AC20-EF7DCAF59B3F}.Debug|Any CPU.Build.0 = Debug|Any CPU
		{D16EE676-DCEE-4C88-AC20-EF7DCAF59B3F}.Release|Any CPU.ActiveCfg = Release|Any CPU
		{D16EE676-DCEE-4C88-AC20-EF7DCAF59B3F}.Release|Any CPU.Build.0 = Release|Any CPU
	EndGlobalSection
	GlobalSection(SolutionProperties) = preSolution
		HideSolutionNode = FALSE
	EndGlobalSection
	GlobalSection(NestedProjects) = preSolution
		{05D55060-3BE2-44E7-ADCF-36ABC48B8D71} = {B77D032E-CBE1-4C50-850A-070B899903FC}
		{9F36CF8F-B372-49DE-B8B3-943ED8B9FFE4} = {B77D032E-CBE1-4C50-850A-070B899903FC}
		{DC02E51E-E9D5-4B8E-8DC4-7FB617B52950} = {B77D032E-CBE1-4C50-850A-070B899903FC}
		{AAFF97A0-80B5-4CE4-B2A1-CC79BEC22D57} = {B77D032E-CBE1-4C50-850A-070B899903FC}
		{F5B49BCE-9295-435F-BD92-D9624AAD6857} = {B77D032E-CBE1-4C50-850A-070B899903FC}
		{60CB9CD7-9362-4550-AA59-2FBD95D3CD5B} = {5EE368D4-D558-40D7-9706-B1C3F986238A}
		{0DF586B1-3040-464B-B5A4-AA887D48D322} = {5EE368D4-D558-40D7-9706-B1C3F986238A}
		{04249E13-2B34-41DF-973B-90C6B48F0AC5} = {5EE368D4-D558-40D7-9706-B1C3F986238A}
		{6F87EA67-0A30-470B-81E4-6C1F7F53D4FC} = {5EE368D4-D558-40D7-9706-B1C3F986238A}
		{BD44EAEA-4AFF-45DC-8759-64F48FF7437B} = {5EE368D4-D558-40D7-9706-B1C3F986238A}
		{DA8FE8DE-A54A-4509-BC6E-AE1406CD1251} = {326C36AB-D2A4-4360-AE2F-6BEAD6EC9F7D}
		{E6891DCB-D29C-4711-9E10-3843510771A3} = {326C36AB-D2A4-4360-AE2F-6BEAD6EC9F7D}
		{B78C7295-BA49-4EBE-8831-A380F1E53537} = {326C36AB-D2A4-4360-AE2F-6BEAD6EC9F7D}
		{C73DE36B-6239-4463-AD61-91C94AB8A835} = {326C36AB-D2A4-4360-AE2F-6BEAD6EC9F7D}
		{1F5A6B59-0781-4089-AEFA-0B877BA07B91} = {67EF8FE6-86E2-4A78-B844-1048936FBC12}
		{11573E17-CFFC-4FAB-AA96-2C20D97E53B7} = {67EF8FE6-86E2-4A78-B844-1048936FBC12}
		{CD58DDB1-881E-4184-8955-8906E2FC586D} = {67EF8FE6-86E2-4A78-B844-1048936FBC12}
		{1BEDDC84-DDAD-490D-8733-CAEB1660D6B8} = {67EF8FE6-86E2-4A78-B844-1048936FBC12}
		{D16EE676-DCEE-4C88-AC20-EF7DCAF59B3F} = {BE1C1F4D-978A-4865-90FA-70F4C00BD548}
	EndGlobalSection
	GlobalSection(ExtensibilityGlobals) = postSolution
		SolutionGuid = {636519CE-B34B-42AB-A675-8F8CC8DDCA78}
	EndGlobalSection
EndGlobal
